
Microsoft Visual Studio Solution File, Format Version 12.00
# Visual Studio Version 16
VisualStudioVersion = 16.0.30406.217
MinimumVisualStudioVersion = 10.0.40219.1
Project("{FAE04EC0-301F-11D3-BF4B-00C04F79EFBC}") = "DesignPatternExamples", "DesignPatternExamples.csproj", "{67921CB2-7B59-4C51-ABDD-E271395CD661}"
EndProject
Global
	GlobalSection(SolutionConfigurationPlatforms) = preSolution
		Debug|Any CPU = Debug|Any CPU
		Release|Any CPU = Release|Any CPU
	EndGlobalSection
	GlobalSection(ProjectConfigurationPlatforms) = postSolution
		{67921CB2-7B59-4C51-ABDD-E271395CD661}.Debug|Any CPU.ActiveCfg = Debug|Any CPU
		{67921CB2-7B59-4C51-ABDD-E271395CD661}.Debug|Any CPU.Build.0 = Debug|Any CPU
		{67921CB2-7B59-4C51-ABDD-E271395CD661}.Release|Any CPU.ActiveCfg = Release|Any CPU
		{67921CB2-7B59-4C51-ABDD-E271395CD661}.Release|Any CPU.Build.0 = Release|Any CPU
	EndGlobalSection
	GlobalSection(SolutionProperties) = preSolution
		HideSolutionNode = FALSE
	EndGlobalSection
	GlobalSection(ExtensibilityGlobals) = postSolution
		SolutionGuid = {F8C63575-1320-49E1-93C4-239878498D53}
	EndGlobalSection
EndGlobal
